// !$*UTF8*$!
{
	archiveVersion = 1;
	classes = {
	};
	objectVersion = 50;
	objects = {

/* Begin PBXBuildFile section */
		AE30CD2B23F730670050A892 /* AppDelegate.swift in Sources */ = {isa = PBXBuildFile; fileRef = AE30CD2A23F730670050A892 /* AppDelegate.swift */; };
		AE30CD2D23F730670050A892 /* SceneDelegate.swift in Sources */ = {isa = PBXBuildFile; fileRef = AE30CD2C23F730670050A892 /* SceneDelegate.swift */; };
		AE30CD2F23F730670050A892 /* RegisterVC.swift in Sources */ = {isa = PBXBuildFile; fileRef = AE30CD2E23F730670050A892 /* RegisterVC.swift */; };
		AE30CD3223F730670050A892 /* Main.storyboard in Resources */ = {isa = PBXBuildFile; fileRef = AE30CD3023F730670050A892 /* Main.storyboard */; };
		AE30CD3423F730680050A892 /* Assets.xcassets in Resources */ = {isa = PBXBuildFile; fileRef = AE30CD3323F730680050A892 /* Assets.xcassets */; };
		AE30CD3723F730680050A892 /* LaunchScreen.storyboard in Resources */ = {isa = PBXBuildFile; fileRef = AE30CD3523F730680050A892 /* LaunchScreen.storyboard */; };
		AE30CD3F23F7392F0050A892 /* Beautiful-Nature-Apple-iPhone-7-Plus-Xiaomi-MiUI-9-Wallpapers-6.jpg in Resources */ = {isa = PBXBuildFile; fileRef = AE30CD3E23F7392F0050A892 /* Beautiful-Nature-Apple-iPhone-7-Plus-Xiaomi-MiUI-9-Wallpapers-6.jpg */; };
		AE5D7B58240EBA9800CDE478 /* RegisterCaregiverVC.swift in Sources */ = {isa = PBXBuildFile; fileRef = AE5D7B57240EBA9800CDE478 /* RegisterCaregiverVC.swift */; };
		AE682D5923FB3D4B00C411EE /* LoginVC.swift in Sources */ = {isa = PBXBuildFile; fileRef = AE682D5823FB3D4B00C411EE /* LoginVC.swift */; };
		AE8C822C2410047500691914 /* EventsVC.swift in Sources */ = {isa = PBXBuildFile; fileRef = AE8C822B2410047500691914 /* EventsVC.swift */; };
		AE8C822E241004F700691914 /* EventsCell.swift in Sources */ = {isa = PBXBuildFile; fileRef = AE8C822D241004F700691914 /* EventsCell.swift */; };
		AEC70B7A240C49EB00291AEE /* AddEventViewC2.swift in Sources */ = {isa = PBXBuildFile; fileRef = AEC70B79240C49EB00291AEE /* AddEventViewC2.swift */; };
		AEC70B7C240C575D00291AEE /* MainMenuVC1.swift in Sources */ = {isa = PBXBuildFile; fileRef = AEC70B7B240C575D00291AEE /* MainMenuVC1.swift */; };
		AEC70B7E240C5AA800291AEE /* MainMenuVC2.swift in Sources */ = {isa = PBXBuildFile; fileRef = AEC70B7D240C5AA800291AEE /* MainMenuVC2.swift */; };
		AEECB11F2405772500C02A87 /* NavVC1.swift in Sources */ = {isa = PBXBuildFile; fileRef = AEECB11E2405772500C02A87 /* NavVC1.swift */; };
		AEECB12124057B4A00C02A87 /* NavVC2.swift in Sources */ = {isa = PBXBuildFile; fileRef = AEECB12024057B4A00C02A87 /* NavVC2.swift */; };
		AEECB125240580F400C02A87 /* AddEventVC1.swift in Sources */ = {isa = PBXBuildFile; fileRef = AEECB124240580F400C02A87 /* AddEventVC1.swift */; };
		AEECB1272405829C00C02A87 /* AddEventVC2.swift in Sources */ = {isa = PBXBuildFile; fileRef = AEECB1262405829C00C02A87 /* AddEventVC2.swift */; };
/* End PBXBuildFile section */

/* Begin PBXFileReference section */
		AE30CD2723F730670050A892 /* SmartTV.app */ = {isa = PBXFileReference; explicitFileType = wrapper.application; includeInIndex = 0; path = SmartTV.app; sourceTree = BUILT_PRODUCTS_DIR; };
		AE30CD2A23F730670050A892 /* AppDelegate.swift */ = {isa = PBXFileReference; lastKnownFileType = sourcecode.swift; path = AppDelegate.swift; sourceTree = "<group>"; };
		AE30CD2C23F730670050A892 /* SceneDelegate.swift */ = {isa = PBXFileReference; lastKnownFileType = sourcecode.swift; path = SceneDelegate.swift; sourceTree = "<group>"; };
		AE30CD2E23F730670050A892 /* RegisterVC.swift */ = {isa = PBXFileReference; lastKnownFileType = sourcecode.swift; path = RegisterVC.swift; sourceTree = "<group>"; };
		AE30CD3123F730670050A892 /* Base */ = {isa = PBXFileReference; lastKnownFileType = file.storyboard; name = Base; path = Base.lproj/Main.storyboard; sourceTree = "<group>"; };
		AE30CD3323F730680050A892 /* Assets.xcassets */ = {isa = PBXFileReference; lastKnownFileType = folder.assetcatalog; path = Assets.xcassets; sourceTree = "<group>"; };
		AE30CD3623F730680050A892 /* Base */ = {isa = PBXFileReference; lastKnownFileType = file.storyboard; name = Base; path = Base.lproj/LaunchScreen.storyboard; sourceTree = "<group>"; };
		AE30CD3823F730680050A892 /* Info.plist */ = {isa = PBXFileReference; lastKnownFileType = text.plist.xml; path = Info.plist; sourceTree = "<group>"; };
		AE30CD3E23F7392F0050A892 /* Beautiful-Nature-Apple-iPhone-7-Plus-Xiaomi-MiUI-9-Wallpapers-6.jpg */ = {isa = PBXFileReference; lastKnownFileType = image.jpeg; path = "Beautiful-Nature-Apple-iPhone-7-Plus-Xiaomi-MiUI-9-Wallpapers-6.jpg"; sourceTree = "<group>"; };
		AE5D7B57240EBA9800CDE478 /* RegisterCaregiverVC.swift */ = {isa = PBXFileReference; lastKnownFileType = sourcecode.swift; path = RegisterCaregiverVC.swift; sourceTree = "<group>"; };
		AE682D5823FB3D4B00C411EE /* LoginVC.swift */ = {isa = PBXFileReference; lastKnownFileType = sourcecode.swift; path = LoginVC.swift; sourceTree = "<group>"; };
		AE8C822B2410047500691914 /* EventsVC.swift */ = {isa = PBXFileReference; lastKnownFileType = sourcecode.swift; path = EventsVC.swift; sourceTree = "<group>"; };
		AE8C822D241004F700691914 /* EventsCell.swift */ = {isa = PBXFileReference; lastKnownFileType = sourcecode.swift; path = EventsCell.swift; sourceTree = "<group>"; };
		AEC70B79240C49EB00291AEE /* AddEventViewC2.swift */ = {isa = PBXFileReference; lastKnownFileType = sourcecode.swift; path = AddEventViewC2.swift; sourceTree = "<group>"; };
		AEC70B7B240C575D00291AEE /* MainMenuVC1.swift */ = {isa = PBXFileReference; lastKnownFileType = sourcecode.swift; path = MainMenuVC1.swift; sourceTree = "<group>"; };
		AEC70B7D240C5AA800291AEE /* MainMenuVC2.swift */ = {isa = PBXFileReference; lastKnownFileType = sourcecode.swift; path = MainMenuVC2.swift; sourceTree = "<group>"; };
		AEECB11E2405772500C02A87 /* NavVC1.swift */ = {isa = PBXFileReference; lastKnownFileType = sourcecode.swift; path = NavVC1.swift; sourceTree = "<group>"; };
		AEECB12024057B4A00C02A87 /* NavVC2.swift */ = {isa = PBXFileReference; lastKnownFileType = sourcecode.swift; path = NavVC2.swift; sourceTree = "<group>"; };
		AEECB124240580F400C02A87 /* AddEventVC1.swift */ = {isa = PBXFileReference; lastKnownFileType = sourcecode.swift; path = AddEventVC1.swift; sourceTree = "<group>"; };
		AEECB1262405829C00C02A87 /* AddEventVC2.swift */ = {isa = PBXFileReference; lastKnownFileType = sourcecode.swift; path = AddEventVC2.swift; sourceTree = "<group>"; };
/* End PBXFileReference section */

/* Begin PBXFrameworksBuildPhase section */
		AE30CD2423F730670050A892 /* Frameworks */ = {
			isa = PBXFrameworksBuildPhase;
			buildActionMask = 2147483647;
			files = (
			);
			runOnlyForDeploymentPostprocessing = 0;
		};
/* End PBXFrameworksBuildPhase section */

/* Begin PBXGroup section */
		AE30CD1E23F730670050A892 = {
			isa = PBXGroup;
			children = (
				AE30CD2923F730670050A892 /* SmartTV */,
				AE30CD2823F730670050A892 /* Products */,
			);
			sourceTree = "<group>";
		};
		AE30CD2823F730670050A892 /* Products */ = {
			isa = PBXGroup;
			children = (
				AE30CD2723F730670050A892 /* SmartTV.app */,
			);
			name = Products;
			sourceTree = "<group>";
		};
		AE30CD2923F730670050A892 /* SmartTV */ = {
			isa = PBXGroup;
			children = (
				AE30CD2A23F730670050A892 /* AppDelegate.swift */,
				AE30CD2C23F730670050A892 /* SceneDelegate.swift */,
				AE30CD2E23F730670050A892 /* RegisterVC.swift */,
				AE5D7B57240EBA9800CDE478 /* RegisterCaregiverVC.swift */,
				AE682D5823FB3D4B00C411EE /* LoginVC.swift */,
				AE30CD3023F730670050A892 /* Main.storyboard */,
				AE30CD3323F730680050A892 /* Assets.xcassets */,
				AE30CD3E23F7392F0050A892 /* Beautiful-Nature-Apple-iPhone-7-Plus-Xiaomi-MiUI-9-Wallpapers-6.jpg */,
				AE30CD3523F730680050A892 /* LaunchScreen.storyboard */,
				AE30CD3823F730680050A892 /* Info.plist */,
				AEECB11E2405772500C02A87 /* NavVC1.swift */,
				AEECB12024057B4A00C02A87 /* NavVC2.swift */,
				AEECB124240580F400C02A87 /* AddEventVC1.swift */,
				AEECB1262405829C00C02A87 /* AddEventVC2.swift */,
				AEC70B79240C49EB00291AEE /* AddEventViewC2.swift */,
				AEC70B7B240C575D00291AEE /* MainMenuVC1.swift */,
				AEC70B7D240C5AA800291AEE /* MainMenuVC2.swift */,
				AE8C822B2410047500691914 /* EventsVC.swift */,
				AE8C822D241004F700691914 /* EventsCell.swift */,
			);
			path = SmartTV;
			sourceTree = "<group>";
		};
/* End PBXGroup section */

/* Begin PBXNativeTarget section */
		AE30CD2623F730670050A892 /* SmartTV */ = {
			isa = PBXNativeTarget;
			buildConfigurationList = AE30CD3B23F730680050A892 /* Build configuration list for PBXNativeTarget "SmartTV" */;
			buildPhases = (
				AE30CD2323F730670050A892 /* Sources */,
				AE30CD2423F730670050A892 /* Frameworks */,
				AE30CD2523F730670050A892 /* Resources */,
			);
			buildRules = (
			);
			dependencies = (
			);
			name = SmartTV;
			productName = SmartTV;
			productReference = AE30CD2723F730670050A892 /* SmartTV.app */;
			productType = "com.apple.product-type.application";
		};
/* End PBXNativeTarget section */

/* Begin PBXProject section */
		AE30CD1F23F730670050A892 /* Project object */ = {
			isa = PBXProject;
			attributes = {
				LastSwiftUpdateCheck = 1130;
				LastUpgradeCheck = 1130;
				ORGANIZATIONNAME = "Gabriella Moore";
				TargetAttributes = {
					AE30CD2623F730670050A892 = {
						CreatedOnToolsVersion = 11.3.1;
					};
				};
			};
			buildConfigurationList = AE30CD2223F730670050A892 /* Build configuration list for PBXProject "SmartTV" */;
			compatibilityVersion = "Xcode 9.3";
			developmentRegion = en;
			hasScannedForEncodings = 0;
			knownRegions = (
				en,
				Base,
			);
			mainGroup = AE30CD1E23F730670050A892;
			productRefGroup = AE30CD2823F730670050A892 /* Products */;
			projectDirPath = "";
			projectRoot = "";
			targets = (
				AE30CD2623F730670050A892 /* SmartTV */,
			);
		};
/* End PBXProject section */

/* Begin PBXResourcesBuildPhase section */
		AE30CD2523F730670050A892 /* Resources */ = {
			isa = PBXResourcesBuildPhase;
			buildActionMask = 2147483647;
			files = (
				AE30CD3723F730680050A892 /* LaunchScreen.storyboard in Resources */,
				AE30CD3F23F7392F0050A892 /* Beautiful-Nature-Apple-iPhone-7-Plus-Xiaomi-MiUI-9-Wallpapers-6.jpg in Resources */,
				AE30CD3423F730680050A892 /* Assets.xcassets in Resources */,
				AE30CD3223F730670050A892 /* Main.storyboard in Resources */,
			);
			runOnlyForDeploymentPostprocessing = 0;
		};
/* End PBXResourcesBuildPhase section */

/* Begin PBXSourcesBuildPhase section */
		AE30CD2323F730670050A892 /* Sources */ = {
			isa = PBXSourcesBuildPhase;
			buildActionMask = 2147483647;
			files = (
				AE8C822C2410047500691914 /* EventsVC.swift in Sources */,
				AE30CD2F23F730670050A892 /* RegisterVC.swift in Sources */,
				AE30CD2B23F730670050A892 /* AppDelegate.swift in Sources */,
				AEECB1272405829C00C02A87 /* AddEventVC2.swift in Sources */,
				AE682D5923FB3D4B00C411EE /* LoginVC.swift in Sources */,
				AEC70B7E240C5AA800291AEE /* MainMenuVC2.swift in Sources */,
				AEECB125240580F400C02A87 /* AddEventVC1.swift in Sources */,
				AEECB11F2405772500C02A87 /* NavVC1.swift in Sources */,
				AEC70B7C240C575D00291AEE /* MainMenuVC1.swift in Sources */,
				AE30CD2D23F730670050A892 /* SceneDelegate.swift in Sources */,
				AE8C822E241004F700691914 /* EventsCell.swift in Sources */,
				AEECB12124057B4A00C02A87 /* NavVC2.swift in Sources */,
				AE5D7B58240EBA9800CDE478 /* RegisterCaregiverVC.swift in Sources */,
				AEC70B7A240C49EB00291AEE /* AddEventViewC2.swift in Sources */,
			);
			runOnlyForDeploymentPostprocessing = 0;
		};
/* End PBXSourcesBuildPhase section */

/* Begin PBXVariantGroup section */
		AE30CD3023F730670050A892 /* Main.storyboard */ = {
			isa = PBXVariantGroup;
			children = (
				AE30CD3123F730670050A892 /* Base */,
			);
			name = Main.storyboard;
			sourceTree = "<group>";
		};
		AE30CD3523F730680050A892 /* LaunchScreen.storyboard */ = {
			isa = PBXVariantGroup;
			children = (
				AE30CD3623F730680050A892 /* Base */,
			);
			name = LaunchScreen.storyboard;
			sourceTree = "<group>";
		};
/* End PBXVariantGroup section */

/* Begin XCBuildConfiguration section */
		AE30CD3923F730680050A892 /* Debug */ = {
			isa = XCBuildConfiguration;
			buildSettings = {
				ALWAYS_SEARCH_USER_PATHS = NO;
				CLANG_ANALYZER_NONNULL = YES;
				CLANG_ANALYZER_NUMBER_OBJECT_CONVERSION = YES_AGGRESSIVE;
				CLANG_CXX_LANGUAGE_STANDARD = "gnu++14";
				CLANG_CXX_LIBRARY = "libc++";
				CLANG_ENABLE_MODULES = YES;
				CLANG_ENABLE_OBJC_ARC = YES;
				CLANG_ENABLE_OBJC_WEAK = YES;
				CLANG_WARN_BLOCK_CAPTURE_AUTORELEASING = YES;
				CLANG_WARN_BOOL_CONVERSION = YES;
				CLANG_WARN_COMMA = YES;
				CLANG_WARN_CONSTANT_CONVERSION = YES;
				CLANG_WARN_DEPRECATED_OBJC_IMPLEMENTATIONS = YES;
				CLANG_WARN_DIRECT_OBJC_ISA_USAGE = YES_ERROR;
				CLANG_WARN_DOCUMENTATION_COMMENTS = YES;
				CLANG_WARN_EMPTY_BODY = YES;
				CLANG_WARN_ENUM_CONVERSION = YES;
				CLANG_WARN_INFINITE_RECURSION = YES;
				CLANG_WARN_INT_CONVERSION = YES;
				CLANG_WARN_NON_LITERAL_NULL_CONVERSION = YES;
				CLANG_WARN_OBJC_IMPLICIT_RETAIN_SELF = YES;
				CLANG_WARN_OBJC_LITERAL_CONVERSION = YES;
				CLANG_WARN_OBJC_ROOT_CLASS = YES_ERROR;
				CLANG_WARN_RANGE_LOOP_ANALYSIS = YES;
				CLANG_WARN_STRICT_PROTOTYPES = YES;
				CLANG_WARN_SUSPICIOUS_MOVE = YES;
				CLANG_WARN_UNGUARDED_AVAILABILITY = YES_AGGRESSIVE;
				CLANG_WARN_UNREACHABLE_CODE = YES;
				CLANG_WARN__DUPLICATE_METHOD_MATCH = YES;
				COPY_PHASE_STRIP = NO;
				DEBUG_INFORMATION_FORMAT = dwarf;
				ENABLE_STRICT_OBJC_MSGSEND = YES;
				ENABLE_TESTABILITY = YES;
				GCC_C_LANGUAGE_STANDARD = gnu11;
				GCC_DYNAMIC_NO_PIC = NO;
				GCC_NO_COMMON_BLOCKS = YES;
				GCC_OPTIMIZATION_LEVEL = 0;
				GCC_PREPROCESSOR_DEFINITIONS = (
					"DEBUG=1",
					"$(inherited)",
				);
				GCC_WARN_64_TO_32_BIT_CONVERSION = YES;
				GCC_WARN_ABOUT_RETURN_TYPE = YES_ERROR;
				GCC_WARN_UNDECLARED_SELECTOR = YES;
				GCC_WARN_UNINITIALIZED_AUTOS = YES_AGGRESSIVE;
				GCC_WARN_UNUSED_FUNCTION = YES;
				GCC_WARN_UNUSED_VARIABLE = YES;
				IPHONEOS_DEPLOYMENT_TARGET = 13.2;
				MTL_ENABLE_DEBUG_INFO = INCLUDE_SOURCE;
				MTL_FAST_MATH = YES;
				ONLY_ACTIVE_ARCH = YES;
				SDKROOT = iphoneos;
				SWIFT_ACTIVE_COMPILATION_CONDITIONS = DEBUG;
				SWIFT_OPTIMIZATION_LEVEL = "-Onone";
			};
			name = Debug;
		};
		AE30CD3A23F730680050A892 /* Release */ = {
			isa = XCBuildConfiguration;
			buildSettings = {
				ALWAYS_SEARCH_USER_PATHS = NO;
				CLANG_ANALYZER_NONNULL = YES;
				CLANG_ANALYZER_NUMBER_OBJECT_CONVERSION = YES_AGGRESSIVE;
				CLANG_CXX_LANGUAGE_STANDARD = "gnu++14";
				CLANG_CXX_LIBRARY = "libc++";
				CLANG_ENABLE_MODULES = YES;
				CLANG_ENABLE_OBJC_ARC = YES;
				CLANG_ENABLE_OBJC_WEAK = YES;
				CLANG_WARN_BLOCK_CAPTURE_AUTORELEASING = YES;
				CLANG_WARN_BOOL_CONVERSION = YES;
				CLANG_WARN_COMMA = YES;
				CLANG_WARN_CONSTANT_CONVERSION = YES;
				CLANG_WARN_DEPRECATED_OBJC_IMPLEMENTATIONS = YES;
				CLANG_WARN_DIRECT_OBJC_ISA_USAGE = YES_ERROR;
				CLANG_WARN_DOCUMENTATION_COMMENTS = YES;
				CLANG_WARN_EMPTY_BODY = YES;
				CLANG_WARN_ENUM_CONVERSION = YES;
				CLANG_WARN_INFINITE_RECURSION = YES;
				CLANG_WARN_INT_CONVERSION = YES;
				CLANG_WARN_NON_LITERAL_NULL_CONVERSION = YES;
				CLANG_WARN_OBJC_IMPLICIT_RETAIN_SELF = YES;
				CLANG_WARN_OBJC_LITERAL_CONVERSION = YES;
				CLANG_WARN_OBJC_ROOT_CLASS = YES_ERROR;
				CLANG_WARN_RANGE_LOOP_ANALYSIS = YES;
				CLANG_WARN_STRICT_PROTOTYPES = YES;
				CLANG_WARN_SUSPICIOUS_MOVE = YES;
				CLANG_WARN_UNGUARDED_AVAILABILITY = YES_AGGRESSIVE;
				CLANG_WARN_UNREACHABLE_CODE = YES;
				CLANG_WARN__DUPLICATE_METHOD_MATCH = YES;
				COPY_PHASE_STRIP = NO;
				DEBUG_INFORMATION_FORMAT = "dwarf-with-dsym";
				ENABLE_NS_ASSERTIONS = NO;
				ENABLE_STRICT_OBJC_MSGSEND = YES;
				GCC_C_LANGUAGE_STANDARD = gnu11;
				GCC_NO_COMMON_BLOCKS = YES;
				GCC_WARN_64_TO_32_BIT_CONVERSION = YES;
				GCC_WARN_ABOUT_RETURN_TYPE = YES_ERROR;
				GCC_WARN_UNDECLARED_SELECTOR = YES;
				GCC_WARN_UNINITIALIZED_AUTOS = YES_AGGRESSIVE;
				GCC_WARN_UNUSED_FUNCTION = YES;
				GCC_WARN_UNUSED_VARIABLE = YES;
				IPHONEOS_DEPLOYMENT_TARGET = 13.2;
				MTL_ENABLE_DEBUG_INFO = NO;
				MTL_FAST_MATH = YES;
				SDKROOT = iphoneos;
				SWIFT_COMPILATION_MODE = wholemodule;
				SWIFT_OPTIMIZATION_LEVEL = "-O";
				VALIDATE_PRODUCT = YES;
			};
			name = Release;
		};
		AE30CD3C23F730680050A892 /* Debug */ = {
			isa = XCBuildConfiguration;
			buildSettings = {
				ASSETCATALOG_COMPILER_APPICON_NAME = AppIcon;
				CODE_SIGN_STYLE = Automatic;
				INFOPLIST_FILE = SmartTV/Info.plist;
				LD_RUNPATH_SEARCH_PATHS = (
					"$(inherited)",
					"@executable_path/Frameworks",
				);
				PRODUCT_BUNDLE_IDENTIFIER = com.gabriellamoore.SmartTV;
				PRODUCT_NAME = "$(TARGET_NAME)";
				SWIFT_VERSION = 5.0;
				TARGETED_DEVICE_FAMILY = "1,2";
			};
			name = Debug;
		};
		AE30CD3D23F730680050A892 /* Release */ = {
			isa = XCBuildConfiguration;
			buildSettings = {
				ASSETCATALOG_COMPILER_APPICON_NAME = AppIcon;
				CODE_SIGN_STYLE = Automatic;
				INFOPLIST_FILE = SmartTV/Info.plist;
				LD_RUNPATH_SEARCH_PATHS = (
					"$(inherited)",
					"@executable_path/Frameworks",
				);
				PRODUCT_BUNDLE_IDENTIFIER = com.gabriellamoore.SmartTV;
				PRODUCT_NAME = "$(TARGET_NAME)";
				SWIFT_VERSION = 5.0;
				TARGETED_DEVICE_FAMILY = "1,2";
			};
			name = Release;
		};
/* End XCBuildConfiguration section */

/* Begin XCConfigurationList section */
		AE30CD2223F730670050A892 /* Build configuration list for PBXProject "SmartTV" */ = {
			isa = XCConfigurationList;
			buildConfigurations = (
				AE30CD3923F730680050A892 /* Debug */,
				AE30CD3A23F730680050A892 /* Release */,
			);
			defaultConfigurationIsVisible = 0;
			defaultConfigurationName = Release;
		};
		AE30CD3B23F730680050A892 /* Build configuration list for PBXNativeTarget "SmartTV" */ = {
			isa = XCConfigurationList;
			buildConfigurations = (
				AE30CD3C23F730680050A892 /* Debug */,
				AE30CD3D23F730680050A892 /* Release */,
			);
			defaultConfigurationIsVisible = 0;
			defaultConfigurationName = Release;
		};
/* End XCConfigurationList section */
	};
	rootObject = AE30CD1F23F730670050A892 /* Project object */;
}
